
Microsoft Visual Studio Solution File, Format Version 12.00
# Visual Studio Version 17
VisualStudioVersion = 17.10.35027.167
MinimumVisualStudioVersion = 10.0.40219.1
Project("{FAE04EC0-301F-11D3-BF4B-00C04F79EFBC}") = "GestionInventariosMVC", "GestionInventariosMVC.csproj", "{1806F668-CDFE-408B-9157-1D4D2AEB746C}"
EndProject
Global
	GlobalSection(SolutionConfigurationPlatforms) = preSolution
		Debug|Any CPU = Debug|Any CPU
		Release|Any CPU = Release|Any CPU
	EndGlobalSection
	GlobalSection(ProjectConfigurationPlatforms) = postSolution
		{1806F668-CDFE-408B-9157-1D4D2AEB746C}.Debug|Any CPU.ActiveCfg = Debug|Any CPU
		{1806F668-CDFE-408B-9157-1D4D2AEB746C}.Debug|Any CPU.Build.0 = Debug|Any CPU
		{1806F668-CDFE-408B-9157-1D4D2AEB746C}.Release|Any CPU.ActiveCfg = Release|Any CPU
		{1806F668-CDFE-408B-9157-1D4D2AEB746C}.Release|Any CPU.Build.0 = Release|Any CPU
	EndGlobalSection
	GlobalSection(SolutionProperties) = preSolution
		HideSolutionNode = FALSE
	EndGlobalSection
	GlobalSection(ExtensibilityGlobals) = postSolution
		SolutionGuid = {F79718C3-E50E-44F8-B7EA-C04B79BD8B89}
	EndGlobalSection
EndGlobal
